<?xml version="1.0" encoding="utf-8"?>
<Project ToolsVersion="4.0" xmlns="http://schemas.microsoft.com/developer/msbuild/2003">
  <ItemGroup>
    <Filter Include="Source Files">
      <UniqueIdentifier>{4FC737F1-C7A5-4376-A066-2A32D752A2FF}</UniqueIdentifier>
      <Extensions>cpp;c;cc;cxx;def;odl;idl;hpj;bat;asm;asmx</Extensions>
    </Filter>
    <Filter Include="Header Files">
      <UniqueIdentifier>{93995380-89BD-4b04-88EB-625FBE52EBFB}</UniqueIdentifier>
      <Extensions>h;hpp;hxx;hm;inl;inc;xsd</Extensions>
    </Filter>
    <Filter Include="Resource Files">
      <UniqueIdentifier>{67DA6AB6-F800-4c08-8B7A-83BB121AAD01}</UniqueIdentifier>
      <Extensions>rc;ico;cur;bmp;dlg;rc2;rct;bin;rgs;gif;jpg;jpeg;jpe;resx;tiff;tif;png;wav;mfcribbon-ms</Extensions>
    </Filter>
  </ItemGroup>
  <ItemGroup>
    <ClCompile Include="main.cpp">
      <Filter>Source Files</Filter>
    </ClCompile>
    <ClCompile Include="bubble_sort.cpp">
      <Filter>Source Files</Filter>
    </ClCompile>
    <ClCompile Include="bit_process.cpp">
      <Filter>Source Files</Filter>
    </ClCompile>
    <ClCompile Include="sort_by_bitmap.cpp">
      <Filter>Source Files</Filter>
    </ClCompile>
    <ClCompile Include="generate_random_range.cpp">
      <Filter>Source Files</Filter>
    </ClCompile>
    <ClCompile Include="init_ary_index_by_first_time.cpp">
      <Filter>Source Files</Filter>
    </ClCompile>
    <ClCompile Include="binary_search_missing_number.cpp">
      <Filter>Source Files</Filter>
    </ClCompile>
    <ClCompile Include="shift_vector.cpp">
      <Filter>Source Files</Filter>
    </ClCompile>
    <ClCompile Include="find_words_with_same_letters.cpp">
      <Filter>Source Files</Filter>
    </ClCompile>
    <ClCompile Include="recursive_shift_vector.cpp">
      <Filter>Source Files</Filter>
    </ClCompile>
    <ClCompile Include="form_letter_generator.cpp">
      <Filter>Source Files</Filter>
    </ClCompile>
    <ClCompile Include="banner_3.7.3.cpp">
      <Filter>Source Files</Filter>
    </ClCompile>
    <ClCompile Include="data_calculate_3.7.4.cpp">
      <Filter>Source Files</Filter>
    </ClCompile>
    <ClCompile Include="word_suffix_3.7.5.cpp">
      <Filter>Source Files</Filter>
    </ClCompile>
    <ClCompile Include="sevenSegmentShow_3.7.8.cpp">
      <Filter>Source Files</Filter>
    </ClCompile>
    <ClCompile Include="insertSort.cpp">
      <Filter>Source Files</Filter>
    </ClCompile>
    <ClCompile Include="qsort.cpp">
      <Filter>Source Files</Filter>
    </ClCompile>
  </ItemGroup>
  <ItemGroup>
    <ClInclude Include="bubble_sort.h">
      <Filter>Header Files</Filter>
    </ClInclude>
    <ClInclude Include="display.h">
      <Filter>Source Files</Filter>
    </ClInclude>
  </ItemGroup>
  <ItemGroup>
    <None Include="banner_format.txt">
      <Filter>Source Files</Filter>
    </None>
  </ItemGroup>
</Project>